
Microsoft Visual Studio Solution File, Format Version 12.00
# Visual Studio Version 16
VisualStudioVersion = 16.0.32510.428
MinimumVisualStudioVersion = 10.0.40219.1
Project("{FAE04EC0-301F-11D3-BF4B-00C04F79EFBC}") = "WebApplication1", "WebApplication1\WebApplication1.csproj", "{C55ADF21-D0A9-4DDF-AEC4-01A795694548}"
EndProject
Global
	GlobalSection(SolutionConfigurationPlatforms) = preSolution
		Debug|Any CPU = Debug|Any CPU
		Release|Any CPU = Release|Any CPU
	EndGlobalSection
	GlobalSection(ProjectConfigurationPlatforms) = postSolution
		{C55ADF21-D0A9-4DDF-AEC4-01A795694548}.Debug|Any CPU.ActiveCfg = Debug|Any CPU
		{C55ADF21-D0A9-4DDF-AEC4-01A795694548}.Debug|Any CPU.Build.0 = Debug|Any CPU
		{C55ADF21-D0A9-4DDF-AEC4-01A795694548}.Release|Any CPU.ActiveCfg = Release|Any CPU
		{C55ADF21-D0A9-4DDF-AEC4-01A795694548}.Release|Any CPU.Build.0 = Release|Any CPU
	EndGlobalSection
	GlobalSection(SolutionProperties) = preSolution
		HideSolutionNode = FALSE
	EndGlobalSection
	GlobalSection(ExtensibilityGlobals) = postSolution
		SolutionGuid = {AFE2EA83-2D4E-40BC-94E7-18E430B5745A}
	EndGlobalSection
EndGlobal
